
Microsoft Visual Studio Solution File, Format Version 12.00
# Visual Studio Version 16
VisualStudioVersion = 16.0.29609.76
MinimumVisualStudioVersion = 15.0.26124.0
Project("{9A19103F-16F7-4668-BE54-9A1E7A4F7556}") = "SimpleAuth.Server", "SimpleAuth.Server\SimpleAuth.Server.csproj", "{CB80837A-61BF-4AF1-B7E3-A2E5396206B8}"
EndProject
Project("{9A19103F-16F7-4668-BE54-9A1E7A4F7556}") = "SimpleAuth.Core", "SimpleAuth.Core\SimpleAuth.Core.csproj", "{75A02AD6-918A-42C8-9746-EA1CF55D6A2D}"
EndProject
Project("{9A19103F-16F7-4668-BE54-9A1E7A4F7556}") = "SimpleAuth.Shared", "SimpleAuth.Shared\SimpleAuth.Shared.csproj", "{D353D14C-F3E9-48EC-8FA0-C1C9543987CC}"
EndProject
Project("{2150E333-8FDC-42A3-9474-1A3956D46DE8}") = "Test", "Test", "{4112ACE6-70F4-4BFD-8493-2A8DCA8E7F6A}"
EndProject
Project("{9A19103F-16F7-4668-BE54-9A1E7A4F7556}") = "SimpleAuth.Services", "SimpleAuth.Services\SimpleAuth.Services.csproj", "{7325FFF0-C094-4532-87B5-524494CC96F4}"
EndProject
Project("{2150E333-8FDC-42A3-9474-1A3956D46DE8}") = "DatabasesImplementation", "DatabasesImplementation", "{032F5A05-F6B9-4778-BC1B-CBAB321D6C62}"
EndProject
Project("{9A19103F-16F7-4668-BE54-9A1E7A4F7556}") = "SimpleAuth.Client", "SimpleAuth.Client\SimpleAuth.Client.csproj", "{4D27D496-1AC3-49B3-BF50-5F485B3FE327}"
EndProject
Project("{9A19103F-16F7-4668-BE54-9A1E7A4F7556}") = "DevPlayground", "Test\DevPlayground\DevPlayground.csproj", "{A976AA8C-4297-48BD-AB20-B2C04FE26495}"
EndProject
Project("{9A19103F-16F7-4668-BE54-9A1E7A4F7556}") = "WebApiPlayground", "Test\WebApiPlayground\WebApiPlayground.csproj", "{1DE93AA1-4136-4B10-B1B2-2760EBFE9C44}"
EndProject
Project("{9A19103F-16F7-4668-BE54-9A1E7A4F7556}") = "AdministratorConsole", "ManagementTools\AdministratorConsole\AdministratorConsole.csproj", "{C36B6A92-EC79-41C2-9B51-79768AE16764}"
EndProject
Project("{2150E333-8FDC-42A3-9474-1A3956D46DE8}") = "ManagementTools", "ManagementTools", "{F97DA732-802E-4C94-800D-AF1E8772E829}"
EndProject
Project("{9A19103F-16F7-4668-BE54-9A1E7A4F7556}") = "ConsoleApps.Shared", "ManagementTools\ConsoleApps.Shared\ConsoleApps.Shared.csproj", "{B683E7D5-836E-457C-BE49-5B983FA42383}"
EndProject
Project("{FAE04EC0-301F-11D3-BF4B-00C04F79EFBC}") = "CorpManagementConsole", "ManagementTools\CorpManagementConsole\CorpManagementConsole.csproj", "{2E6F8D2E-5283-43A6-8BA0-279D5DA4405D}"
EndProject
Project("{FAE04EC0-301F-11D3-BF4B-00C04F79EFBC}") = "AppManagementConsole", "ManagementTools\AppManagementConsole\AppManagementConsole.csproj", "{EE36612D-D603-4B1B-85E5-945055CA1470}"
EndProject
Project("{FAE04EC0-301F-11D3-BF4B-00C04F79EFBC}") = "SimpleAuth.InMemoryDb", "DatabasesImplementation\SimpleAuth.InMemoryDb\SimpleAuth.InMemoryDb.csproj", "{AE638CCA-99A1-45C9-8746-09399BFB9B37}"
EndProject
Project("{FAE04EC0-301F-11D3-BF4B-00C04F79EFBC}") = "SimpleAuth.Postgres", "DatabasesImplementation\SimpleAuth.Postgres\SimpleAuth.Postgres.csproj", "{FA5BCC97-1149-4EDC-ABD3-3BDB4C33AC06}"
EndProject
Project("{FAE04EC0-301F-11D3-BF4B-00C04F79EFBC}") = "SimpleAuth.Sqlite", "DatabasesImplementation\SimpleAuth.Sqlite\SimpleAuth.Sqlite.csproj", "{65D7E324-86CC-4ACC-87B0-C695A629A574}"
EndProject
Project("{2150E333-8FDC-42A3-9474-1A3956D46DE8}") = "Test2", "Test2", "{F0CCBA31-4484-404D-AF49-769C97746857}"
EndProject
Project("{FAE04EC0-301F-11D3-BF4B-00C04F79EFBC}") = "Test.Shared", "Test2\Test.Shared\Test.Shared.csproj", "{72C1C598-0CD7-4092-8F93-3C1B7C15AC7C}"
EndProject
Project("{FAE04EC0-301F-11D3-BF4B-00C04F79EFBC}") = "TestSimpleAuth.Core", "Test2\TestSimpleAuth.Core\TestSimpleAuth.Core.csproj", "{1BBF3891-1543-42BE-9EAC-6481816B08FA}"
EndProject
Project("{FAE04EC0-301F-11D3-BF4B-00C04F79EFBC}") = "TestSimpleAuth.Shared", "Test2\TestSimpleAuth.Shared\TestSimpleAuth.Shared.csproj", "{C30F8C79-202C-4A24-8860-6384D4CAE2A4}"
EndProject
Project("{FAE04EC0-301F-11D3-BF4B-00C04F79EFBC}") = "TestSimpleAuth.Services", "Test2\TestSimpleAuth.Services\TestSimpleAuth.Services.csproj", "{E4DE7E2D-D526-400B-A905-8BF48BBF4740}"
EndProject
Project("{FAE04EC0-301F-11D3-BF4B-00C04F79EFBC}") = "TestSimpleAuth.Server", "Test2\TestSimpleAuth.Server\TestSimpleAuth.Server.csproj", "{0BF88745-2E90-4160-BF79-FE2B1E64F54D}"
EndProject
Project("{FAE04EC0-301F-11D3-BF4B-00C04F79EFBC}") = "TestSimpleAuth.Client", "Test2\TestSimpleAuth.Client\TestSimpleAuth.Client.csproj", "{7BB85C64-9011-40C2-BDED-9203B2FA409D}"
EndProject
Project("{FAE04EC0-301F-11D3-BF4B-00C04F79EFBC}") = "TestSimpleAuth.Client.AspNetCore", "Test2\TestSimpleAuth.Client.AspNetCore\TestSimpleAuth.Client.AspNetCore.csproj", "{BFD440A2-630B-447A-ACFC-EB1BA1EAD3E8}"
EndProject
Project("{FAE04EC0-301F-11D3-BF4B-00C04F79EFBC}") = "Test.Integration.Repositories", "Test2\Test.Integration.Repositories\Test.Integration.Repositories.csproj", "{67D5C541-D5CB-4A84-BA9F-CA0300CE213A}"
EndProject
Project("{2150E333-8FDC-42A3-9474-1A3956D46DE8}") = "AspNetCore", "AspNetCore", "{88CDF640-EADD-43A7-94FA-21B4D822337A}"
EndProject
Project("{FAE04EC0-301F-11D3-BF4B-00C04F79EFBC}") = "SimpleAuth.Client.AspNetCore22", "AspNetCore\SimpleAuth.Client.AspNetCore22\SimpleAuth.Client.AspNetCore22.csproj", "{DC0C339F-545B-4634-AD9D-48B61CC1122A}"
EndProject
Project("{FAE04EC0-301F-11D3-BF4B-00C04F79EFBC}") = "SimpleAuth.Client.AspNetCore21", "AspNetCore\SimpleAuth.Client.AspNetCore21\SimpleAuth.Client.AspNetCore21.csproj", "{14C575B0-7ED5-45C2-B51B-BC7BC5EF8F74}"
EndProject
Project("{FAE04EC0-301F-11D3-BF4B-00C04F79EFBC}") = "WebMvc21Playground", "Test\WebMvc21Playground\WebMvc21Playground.csproj", "{0000CED5-F9C5-4A9B-B854-0C9021F26CFE}"
EndProject
Project("{FAE04EC0-301F-11D3-BF4B-00C04F79EFBC}") = "PermissionSynchronizer", "ManagementTools\PermissionSynchronizer\PermissionSynchronizer.csproj", "{48EA69C1-A12C-43E4-AE50-7C008459DB4B}"
EndProject
Project("{2150E333-8FDC-42A3-9474-1A3956D46DE8}") = "Extensions", "Extensions", "{FB626A95-62E5-4A95-939B-4F9ECA4F6443}"
EndProject
Project("{FAE04EC0-301F-11D3-BF4B-00C04F79EFBC}") = "SimpleAuth.Extensions.PermissionScanner", "Extensions\SimpleAuth.Extensions.PermissionScanner\SimpleAuth.Extensions.PermissionScanner.csproj", "{130AD6D9-60C2-406E-BD0E-6CF6EBAE91ED}"
EndProject
Project("{FAE04EC0-301F-11D3-BF4B-00C04F79EFBC}") = "SimpleAuth.Extensions.PermissionGenerator", "Extensions\SimpleAuth.Extensions.PermissionGenerator\SimpleAuth.Extensions.PermissionGenerator.csproj", "{9F123A9C-DDAF-4C42-9DCF-6F67950A5E3B}"
EndProject
Global
	GlobalSection(SolutionConfigurationPlatforms) = preSolution
		Debug|Any CPU = Debug|Any CPU
		Debug|x64 = Debug|x64
		Debug|x86 = Debug|x86
		Release|Any CPU = Release|Any CPU
		Release|x64 = Release|x64
		Release|x86 = Release|x86
	EndGlobalSection
	GlobalSection(ProjectConfigurationPlatforms) = postSolution
		{CB80837A-61BF-4AF1-B7E3-A2E5396206B8}.Debug|Any CPU.ActiveCfg = Debug|Any CPU
		{CB80837A-61BF-4AF1-B7E3-A2E5396206B8}.Debug|Any CPU.Build.0 = Debug|Any CPU
		{CB80837A-61BF-4AF1-B7E3-A2E5396206B8}.Debug|x64.ActiveCfg = Debug|Any CPU
		{CB80837A-61BF-4AF1-B7E3-A2E5396206B8}.Debug|x64.Build.0 = Debug|Any CPU
		{CB80837A-61BF-4AF1-B7E3-A2E5396206B8}.Debug|x86.ActiveCfg = Debug|Any CPU
		{CB80837A-61BF-4AF1-B7E3-A2E5396206B8}.Debug|x86.Build.0 = Debug|Any CPU
		{CB80837A-61BF-4AF1-B7E3-A2E5396206B8}.Release|Any CPU.ActiveCfg = Release|Any CPU
		{CB80837A-61BF-4AF1-B7E3-A2E5396206B8}.Release|Any CPU.Build.0 = Release|Any CPU
		{CB80837A-61BF-4AF1-B7E3-A2E5396206B8}.Release|x64.ActiveCfg = Release|Any CPU
		{CB80837A-61BF-4AF1-B7E3-A2E5396206B8}.Release|x64.Build.0 = Release|Any CPU
		{CB80837A-61BF-4AF1-B7E3-A2E5396206B8}.Release|x86.ActiveCfg = Release|Any CPU
		{CB80837A-61BF-4AF1-B7E3-A2E5396206B8}.Release|x86.Build.0 = Release|Any CPU
		{75A02AD6-918A-42C8-9746-EA1CF55D6A2D}.Debug|Any CPU.ActiveCfg = Debug|Any CPU
		{75A02AD6-918A-42C8-9746-EA1CF55D6A2D}.Debug|Any CPU.Build.0 = Debug|Any CPU
		{75A02AD6-918A-42C8-9746-EA1CF55D6A2D}.Debug|x64.ActiveCfg = Debug|Any CPU
		{75A02AD6-918A-42C8-9746-EA1CF55D6A2D}.Debug|x64.Build.0 = Debug|Any CPU
		{75A02AD6-918A-42C8-9746-EA1CF55D6A2D}.Debug|x86.ActiveCfg = Debug|Any CPU
		{75A02AD6-918A-42C8-9746-EA1CF55D6A2D}.Debug|x86.Build.0 = Debug|Any CPU
		{75A02AD6-918A-42C8-9746-EA1CF55D6A2D}.Release|Any CPU.ActiveCfg = Release|Any CPU
		{75A02AD6-918A-42C8-9746-EA1CF55D6A2D}.Release|Any CPU.Build.0 = Release|Any CPU
		{75A02AD6-918A-42C8-9746-EA1CF55D6A2D}.Release|x64.ActiveCfg = Release|Any CPU
		{75A02AD6-918A-42C8-9746-EA1CF55D6A2D}.Release|x64.Build.0 = Release|Any CPU
		{75A02AD6-918A-42C8-9746-EA1CF55D6A2D}.Release|x86.ActiveCfg = Release|Any CPU
		{75A02AD6-918A-42C8-9746-EA1CF55D6A2D}.Release|x86.Build.0 = Release|Any CPU
		{D353D14C-F3E9-48EC-8FA0-C1C9543987CC}.Debug|Any CPU.ActiveCfg = Debug|Any CPU
		{D353D14C-F3E9-48EC-8FA0-C1C9543987CC}.Debug|Any CPU.Build.0 = Debug|Any CPU
		{D353D14C-F3E9-48EC-8FA0-C1C9543987CC}.Debug|x64.ActiveCfg = Debug|Any CPU
		{D353D14C-F3E9-48EC-8FA0-C1C9543987CC}.Debug|x64.Build.0 = Debug|Any CPU
		{D353D14C-F3E9-48EC-8FA0-C1C9543987CC}.Debug|x86.ActiveCfg = Debug|Any CPU
		{D353D14C-F3E9-48EC-8FA0-C1C9543987CC}.Debug|x86.Build.0 = Debug|Any CPU
		{D353D14C-F3E9-48EC-8FA0-C1C9543987CC}.Release|Any CPU.ActiveCfg = Release|Any CPU
		{D353D14C-F3E9-48EC-8FA0-C1C9543987CC}.Release|Any CPU.Build.0 = Release|Any CPU
		{D353D14C-F3E9-48EC-8FA0-C1C9543987CC}.Release|x64.ActiveCfg = Release|Any CPU
		{D353D14C-F3E9-48EC-8FA0-C1C9543987CC}.Release|x64.Build.0 = Release|Any CPU
		{D353D14C-F3E9-48EC-8FA0-C1C9543987CC}.Release|x86.ActiveCfg = Release|Any CPU
		{D353D14C-F3E9-48EC-8FA0-C1C9543987CC}.Release|x86.Build.0 = Release|Any CPU
		{7325FFF0-C094-4532-87B5-524494CC96F4}.Debug|Any CPU.ActiveCfg = Debug|Any CPU
		{7325FFF0-C094-4532-87B5-524494CC96F4}.Debug|Any CPU.Build.0 = Debug|Any CPU
		{7325FFF0-C094-4532-87B5-524494CC96F4}.Debug|x64.ActiveCfg = Debug|Any CPU
		{7325FFF0-C094-4532-87B5-524494CC96F4}.Debug|x64.Build.0 = Debug|Any CPU
		{7325FFF0-C094-4532-87B5-524494CC96F4}.Debug|x86.ActiveCfg = Debug|Any CPU
		{7325FFF0-C094-4532-87B5-524494CC96F4}.Debug|x86.Build.0 = Debug|Any CPU
		{7325FFF0-C094-4532-87B5-524494CC96F4}.Release|Any CPU.ActiveCfg = Release|Any CPU
		{7325FFF0-C094-4532-87B5-524494CC96F4}.Release|Any CPU.Build.0 = Release|Any CPU
		{7325FFF0-C094-4532-87B5-524494CC96F4}.Release|x64.ActiveCfg = Release|Any CPU
		{7325FFF0-C094-4532-87B5-524494CC96F4}.Release|x64.Build.0 = Release|Any CPU
		{7325FFF0-C094-4532-87B5-524494CC96F4}.Release|x86.ActiveCfg = Release|Any CPU
		{7325FFF0-C094-4532-87B5-524494CC96F4}.Release|x86.Build.0 = Release|Any CPU
		{4D27D496-1AC3-49B3-BF50-5F485B3FE327}.Debug|Any CPU.ActiveCfg = Debug|Any CPU
		{4D27D496-1AC3-49B3-BF50-5F485B3FE327}.Debug|Any CPU.Build.0 = Debug|Any CPU
		{4D27D496-1AC3-49B3-BF50-5F485B3FE327}.Debug|x64.ActiveCfg = Debug|Any CPU
		{4D27D496-1AC3-49B3-BF50-5F485B3FE327}.Debug|x64.Build.0 = Debug|Any CPU
		{4D27D496-1AC3-49B3-BF50-5F485B3FE327}.Debug|x86.ActiveCfg = Debug|Any CPU
		{4D27D496-1AC3-49B3-BF50-5F485B3FE327}.Debug|x86.Build.0 = Debug|Any CPU
		{4D27D496-1AC3-49B3-BF50-5F485B3FE327}.Release|Any CPU.ActiveCfg = Release|Any CPU
		{4D27D496-1AC3-49B3-BF50-5F485B3FE327}.Release|Any CPU.Build.0 = Release|Any CPU
		{4D27D496-1AC3-49B3-BF50-5F485B3FE327}.Release|x64.ActiveCfg = Release|Any CPU
		{4D27D496-1AC3-49B3-BF50-5F485B3FE327}.Release|x64.Build.0 = Release|Any CPU
		{4D27D496-1AC3-49B3-BF50-5F485B3FE327}.Release|x86.ActiveCfg = Release|Any CPU
		{4D27D496-1AC3-49B3-BF50-5F485B3FE327}.Release|x86.Build.0 = Release|Any CPU
		{A976AA8C-4297-48BD-AB20-B2C04FE26495}.Debug|Any CPU.ActiveCfg = Debug|Any CPU
		{A976AA8C-4297-48BD-AB20-B2C04FE26495}.Debug|Any CPU.Build.0 = Debug|Any CPU
		{A976AA8C-4297-48BD-AB20-B2C04FE26495}.Debug|x64.ActiveCfg = Debug|Any CPU
		{A976AA8C-4297-48BD-AB20-B2C04FE26495}.Debug|x64.Build.0 = Debug|Any CPU
		{A976AA8C-4297-48BD-AB20-B2C04FE26495}.Debug|x86.ActiveCfg = Debug|Any CPU
		{A976AA8C-4297-48BD-AB20-B2C04FE26495}.Debug|x86.Build.0 = Debug|Any CPU
		{A976AA8C-4297-48BD-AB20-B2C04FE26495}.Release|Any CPU.ActiveCfg = Release|Any CPU
		{A976AA8C-4297-48BD-AB20-B2C04FE26495}.Release|Any CPU.Build.0 = Release|Any CPU
		{A976AA8C-4297-48BD-AB20-B2C04FE26495}.Release|x64.ActiveCfg = Release|Any CPU
		{A976AA8C-4297-48BD-AB20-B2C04FE26495}.Release|x64.Build.0 = Release|Any CPU
		{A976AA8C-4297-48BD-AB20-B2C04FE26495}.Release|x86.ActiveCfg = Release|Any CPU
		{A976AA8C-4297-48BD-AB20-B2C04FE26495}.Release|x86.Build.0 = Release|Any CPU
		{1DE93AA1-4136-4B10-B1B2-2760EBFE9C44}.Debug|Any CPU.ActiveCfg = Debug|Any CPU
		{1DE93AA1-4136-4B10-B1B2-2760EBFE9C44}.Debug|Any CPU.Build.0 = Debug|Any CPU
		{1DE93AA1-4136-4B10-B1B2-2760EBFE9C44}.Debug|x64.ActiveCfg = Debug|Any CPU
		{1DE93AA1-4136-4B10-B1B2-2760EBFE9C44}.Debug|x64.Build.0 = Debug|Any CPU
		{1DE93AA1-4136-4B10-B1B2-2760EBFE9C44}.Debug|x86.ActiveCfg = Debug|Any CPU
		{1DE93AA1-4136-4B10-B1B2-2760EBFE9C44}.Debug|x86.Build.0 = Debug|Any CPU
		{1DE93AA1-4136-4B10-B1B2-2760EBFE9C44}.Release|Any CPU.ActiveCfg = Release|Any CPU
		{1DE93AA1-4136-4B10-B1B2-2760EBFE9C44}.Release|Any CPU.Build.0 = Release|Any CPU
		{1DE93AA1-4136-4B10-B1B2-2760EBFE9C44}.Release|x64.ActiveCfg = Release|Any CPU
		{1DE93AA1-4136-4B10-B1B2-2760EBFE9C44}.Release|x64.Build.0 = Release|Any CPU
		{1DE93AA1-4136-4B10-B1B2-2760EBFE9C44}.Release|x86.ActiveCfg = Release|Any CPU
		{1DE93AA1-4136-4B10-B1B2-2760EBFE9C44}.Release|x86.Build.0 = Release|Any CPU
		{C36B6A92-EC79-41C2-9B51-79768AE16764}.Debug|Any CPU.ActiveCfg = Debug|Any CPU
		{C36B6A92-EC79-41C2-9B51-79768AE16764}.Debug|Any CPU.Build.0 = Debug|Any CPU
		{C36B6A92-EC79-41C2-9B51-79768AE16764}.Debug|x64.ActiveCfg = Debug|Any CPU
		{C36B6A92-EC79-41C2-9B51-79768AE16764}.Debug|x64.Build.0 = Debug|Any CPU
		{C36B6A92-EC79-41C2-9B51-79768AE16764}.Debug|x86.ActiveCfg = Debug|Any CPU
		{C36B6A92-EC79-41C2-9B51-79768AE16764}.Debug|x86.Build.0 = Debug|Any CPU
		{C36B6A92-EC79-41C2-9B51-79768AE16764}.Release|Any CPU.ActiveCfg = Release|Any CPU
		{C36B6A92-EC79-41C2-9B51-79768AE16764}.Release|Any CPU.Build.0 = Release|Any CPU
		{C36B6A92-EC79-41C2-9B51-79768AE16764}.Release|x64.ActiveCfg = Release|Any CPU
		{C36B6A92-EC79-41C2-9B51-79768AE16764}.Release|x64.Build.0 = Release|Any CPU
		{C36B6A92-EC79-41C2-9B51-79768AE16764}.Release|x86.ActiveCfg = Release|Any CPU
		{C36B6A92-EC79-41C2-9B51-79768AE16764}.Release|x86.Build.0 = Release|Any CPU
		{B683E7D5-836E-457C-BE49-5B983FA42383}.Debug|Any CPU.ActiveCfg = Debug|Any CPU
		{B683E7D5-836E-457C-BE49-5B983FA42383}.Debug|Any CPU.Build.0 = Debug|Any CPU
		{B683E7D5-836E-457C-BE49-5B983FA42383}.Debug|x64.ActiveCfg = Debug|Any CPU
		{B683E7D5-836E-457C-BE49-5B983FA42383}.Debug|x64.Build.0 = Debug|Any CPU
		{B683E7D5-836E-457C-BE49-5B983FA42383}.Debug|x86.ActiveCfg = Debug|Any CPU
		{B683E7D5-836E-457C-BE49-5B983FA42383}.Debug|x86.Build.0 = Debug|Any CPU
		{B683E7D5-836E-457C-BE49-5B983FA42383}.Release|Any CPU.ActiveCfg = Release|Any CPU
		{B683E7D5-836E-457C-BE49-5B983FA42383}.Release|Any CPU.Build.0 = Release|Any CPU
		{B683E7D5-836E-457C-BE49-5B983FA42383}.Release|x64.ActiveCfg = Release|Any CPU
		{B683E7D5-836E-457C-BE49-5B983FA42383}.Release|x64.Build.0 = Release|Any CPU
		{B683E7D5-836E-457C-BE49-5B983FA42383}.Release|x86.ActiveCfg = Release|Any CPU
		{B683E7D5-836E-457C-BE49-5B983FA42383}.Release|x86.Build.0 = Release|Any CPU
		{2E6F8D2E-5283-43A6-8BA0-279D5DA4405D}.Debug|Any CPU.ActiveCfg = Debug|Any CPU
		{2E6F8D2E-5283-43A6-8BA0-279D5DA4405D}.Debug|Any CPU.Build.0 = Debug|Any CPU
		{2E6F8D2E-5283-43A6-8BA0-279D5DA4405D}.Debug|x64.ActiveCfg = Debug|Any CPU
		{2E6F8D2E-5283-43A6-8BA0-279D5DA4405D}.Debug|x64.Build.0 = Debug|Any CPU
		{2E6F8D2E-5283-43A6-8BA0-279D5DA4405D}.Debug|x86.ActiveCfg = Debug|Any CPU
		{2E6F8D2E-5283-43A6-8BA0-279D5DA4405D}.Debug|x86.Build.0 = Debug|Any CPU
		{2E6F8D2E-5283-43A6-8BA0-279D5DA4405D}.Release|Any CPU.ActiveCfg = Release|Any CPU
		{2E6F8D2E-5283-43A6-8BA0-279D5DA4405D}.Release|Any CPU.Build.0 = Release|Any CPU
		{2E6F8D2E-5283-43A6-8BA0-279D5DA4405D}.Release|x64.ActiveCfg = Release|Any CPU
		{2E6F8D2E-5283-43A6-8BA0-279D5DA4405D}.Release|x64.Build.0 = Release|Any CPU
		{2E6F8D2E-5283-43A6-8BA0-279D5DA4405D}.Release|x86.ActiveCfg = Release|Any CPU
		{2E6F8D2E-5283-43A6-8BA0-279D5DA4405D}.Release|x86.Build.0 = Release|Any CPU
		{EE36612D-D603-4B1B-85E5-945055CA1470}.Debug|Any CPU.ActiveCfg = Debug|Any CPU
		{EE36612D-D603-4B1B-85E5-945055CA1470}.Debug|Any CPU.Build.0 = Debug|Any CPU
		{EE36612D-D603-4B1B-85E5-945055CA1470}.Debug|x64.ActiveCfg = Debug|Any CPU
		{EE36612D-D603-4B1B-85E5-945055CA1470}.Debug|x64.Build.0 = Debug|Any CPU
		{EE36612D-D603-4B1B-85E5-945055CA1470}.Debug|x86.ActiveCfg = Debug|Any CPU
		{EE36612D-D603-4B1B-85E5-945055CA1470}.Debug|x86.Build.0 = Debug|Any CPU
		{EE36612D-D603-4B1B-85E5-945055CA1470}.Release|Any CPU.ActiveCfg = Release|Any CPU
		{EE36612D-D603-4B1B-85E5-945055CA1470}.Release|Any CPU.Build.0 = Release|Any CPU
		{EE36612D-D603-4B1B-85E5-945055CA1470}.Release|x64.ActiveCfg = Release|Any CPU
		{EE36612D-D603-4B1B-85E5-945055CA1470}.Release|x64.Build.0 = Release|Any CPU
		{EE36612D-D603-4B1B-85E5-945055CA1470}.Release|x86.ActiveCfg = Release|Any CPU
		{EE36612D-D603-4B1B-85E5-945055CA1470}.Release|x86.Build.0 = Release|Any CPU
		{AE638CCA-99A1-45C9-8746-09399BFB9B37}.Debug|Any CPU.ActiveCfg = Debug|Any CPU
		{AE638CCA-99A1-45C9-8746-09399BFB9B37}.Debug|Any CPU.Build.0 = Debug|Any CPU
		{AE638CCA-99A1-45C9-8746-09399BFB9B37}.Debug|x64.ActiveCfg = Debug|Any CPU
		{AE638CCA-99A1-45C9-8746-09399BFB9B37}.Debug|x64.Build.0 = Debug|Any CPU
		{AE638CCA-99A1-45C9-8746-09399BFB9B37}.Debug|x86.ActiveCfg = Debug|Any CPU
		{AE638CCA-99A1-45C9-8746-09399BFB9B37}.Debug|x86.Build.0 = Debug|Any CPU
		{AE638CCA-99A1-45C9-8746-09399BFB9B37}.Release|Any CPU.ActiveCfg = Release|Any CPU
		{AE638CCA-99A1-45C9-8746-09399BFB9B37}.Release|Any CPU.Build.0 = Release|Any CPU
		{AE638CCA-99A1-45C9-8746-09399BFB9B37}.Release|x64.ActiveCfg = Release|Any CPU
		{AE638CCA-99A1-45C9-8746-09399BFB9B37}.Release|x64.Build.0 = Release|Any CPU
		{AE638CCA-99A1-45C9-8746-09399BFB9B37}.Release|x86.ActiveCfg = Release|Any CPU
		{AE638CCA-99A1-45C9-8746-09399BFB9B37}.Release|x86.Build.0 = Release|Any CPU
		{FA5BCC97-1149-4EDC-ABD3-3BDB4C33AC06}.Debug|Any CPU.ActiveCfg = Debug|Any CPU
		{FA5BCC97-1149-4EDC-ABD3-3BDB4C33AC06}.Debug|Any CPU.Build.0 = Debug|Any CPU
		{FA5BCC97-1149-4EDC-ABD3-3BDB4C33AC06}.Debug|x64.ActiveCfg = Debug|Any CPU
		{FA5BCC97-1149-4EDC-ABD3-3BDB4C33AC06}.Debug|x64.Build.0 = Debug|Any CPU
		{FA5BCC97-1149-4EDC-ABD3-3BDB4C33AC06}.Debug|x86.ActiveCfg = Debug|Any CPU
		{FA5BCC97-1149-4EDC-ABD3-3BDB4C33AC06}.Debug|x86.Build.0 = Debug|Any CPU
		{FA5BCC97-1149-4EDC-ABD3-3BDB4C33AC06}.Release|Any CPU.ActiveCfg = Release|Any CPU
		{FA5BCC97-1149-4EDC-ABD3-3BDB4C33AC06}.Release|Any CPU.Build.0 = Release|Any CPU
		{FA5BCC97-1149-4EDC-ABD3-3BDB4C33AC06}.Release|x64.ActiveCfg = Release|Any CPU
		{FA5BCC97-1149-4EDC-ABD3-3BDB4C33AC06}.Release|x64.Build.0 = Release|Any CPU
		{FA5BCC97-1149-4EDC-ABD3-3BDB4C33AC06}.Release|x86.ActiveCfg = Release|Any CPU
		{FA5BCC97-1149-4EDC-ABD3-3BDB4C33AC06}.Release|x86.Build.0 = Release|Any CPU
		{65D7E324-86CC-4ACC-87B0-C695A629A574}.Debug|Any CPU.ActiveCfg = Debug|Any CPU
		{65D7E324-86CC-4ACC-87B0-C695A629A574}.Debug|Any CPU.Build.0 = Debug|Any CPU
		{65D7E324-86CC-4ACC-87B0-C695A629A574}.Debug|x64.ActiveCfg = Debug|Any CPU
		{65D7E324-86CC-4ACC-87B0-C695A629A574}.Debug|x64.Build.0 = Debug|Any CPU
		{65D7E324-86CC-4ACC-87B0-C695A629A574}.Debug|x86.ActiveCfg = Debug|Any CPU
		{65D7E324-86CC-4ACC-87B0-C695A629A574}.Debug|x86.Build.0 = Debug|Any CPU
		{65D7E324-86CC-4ACC-87B0-C695A629A574}.Release|Any CPU.ActiveCfg = Release|Any CPU
		{65D7E324-86CC-4ACC-87B0-C695A629A574}.Release|Any CPU.Build.0 = Release|Any CPU
		{65D7E324-86CC-4ACC-87B0-C695A629A574}.Release|x64.ActiveCfg = Release|Any CPU
		{65D7E324-86CC-4ACC-87B0-C695A629A574}.Release|x64.Build.0 = Release|Any CPU
		{65D7E324-86CC-4ACC-87B0-C695A629A574}.Release|x86.ActiveCfg = Release|Any CPU
		{65D7E324-86CC-4ACC-87B0-C695A629A574}.Release|x86.Build.0 = Release|Any CPU
		{72C1C598-0CD7-4092-8F93-3C1B7C15AC7C}.Debug|Any CPU.ActiveCfg = Debug|Any CPU
		{72C1C598-0CD7-4092-8F93-3C1B7C15AC7C}.Debug|Any CPU.Build.0 = Debug|Any CPU
		{72C1C598-0CD7-4092-8F93-3C1B7C15AC7C}.Debug|x64.ActiveCfg = Debug|Any CPU
		{72C1C598-0CD7-4092-8F93-3C1B7C15AC7C}.Debug|x64.Build.0 = Debug|Any CPU
		{72C1C598-0CD7-4092-8F93-3C1B7C15AC7C}.Debug|x86.ActiveCfg = Debug|Any CPU
		{72C1C598-0CD7-4092-8F93-3C1B7C15AC7C}.Debug|x86.Build.0 = Debug|Any CPU
		{72C1C598-0CD7-4092-8F93-3C1B7C15AC7C}.Release|Any CPU.ActiveCfg = Release|Any CPU
		{72C1C598-0CD7-4092-8F93-3C1B7C15AC7C}.Release|Any CPU.Build.0 = Release|Any CPU
		{72C1C598-0CD7-4092-8F93-3C1B7C15AC7C}.Release|x64.ActiveCfg = Release|Any CPU
		{72C1C598-0CD7-4092-8F93-3C1B7C15AC7C}.Release|x64.Build.0 = Release|Any CPU
		{72C1C598-0CD7-4092-8F93-3C1B7C15AC7C}.Release|x86.ActiveCfg = Release|Any CPU
		{72C1C598-0CD7-4092-8F93-3C1B7C15AC7C}.Release|x86.Build.0 = Release|Any CPU
		{1BBF3891-1543-42BE-9EAC-6481816B08FA}.Debug|Any CPU.ActiveCfg = Debug|Any CPU
		{1BBF3891-1543-42BE-9EAC-6481816B08FA}.Debug|Any CPU.Build.0 = Debug|Any CPU
		{1BBF3891-1543-42BE-9EAC-6481816B08FA}.Debug|x64.ActiveCfg = Debug|Any CPU
		{1BBF3891-1543-42BE-9EAC-6481816B08FA}.Debug|x64.Build.0 = Debug|Any CPU
		{1BBF3891-1543-42BE-9EAC-6481816B08FA}.Debug|x86.ActiveCfg = Debug|Any CPU
		{1BBF3891-1543-42BE-9EAC-6481816B08FA}.Debug|x86.Build.0 = Debug|Any CPU
		{1BBF3891-1543-42BE-9EAC-6481816B08FA}.Release|Any CPU.ActiveCfg = Release|Any CPU
		{1BBF3891-1543-42BE-9EAC-6481816B08FA}.Release|Any CPU.Build.0 = Release|Any CPU
		{1BBF3891-1543-42BE-9EAC-6481816B08FA}.Release|x64.ActiveCfg = Release|Any CPU
		{1BBF3891-1543-42BE-9EAC-6481816B08FA}.Release|x64.Build.0 = Release|Any CPU
		{1BBF3891-1543-42BE-9EAC-6481816B08FA}.Release|x86.ActiveCfg = Release|Any CPU
		{1BBF3891-1543-42BE-9EAC-6481816B08FA}.Release|x86.Build.0 = Release|Any CPU
		{C30F8C79-202C-4A24-8860-6384D4CAE2A4}.Debug|Any CPU.ActiveCfg = Debug|Any CPU
		{C30F8C79-202C-4A24-8860-6384D4CAE2A4}.Debug|Any CPU.Build.0 = Debug|Any CPU
		{C30F8C79-202C-4A24-8860-6384D4CAE2A4}.Debug|x64.ActiveCfg = Debug|Any CPU
		{C30F8C79-202C-4A24-8860-6384D4CAE2A4}.Debug|x64.Build.0 = Debug|Any CPU
		{C30F8C79-202C-4A24-8860-6384D4CAE2A4}.Debug|x86.ActiveCfg = Debug|Any CPU
		{C30F8C79-202C-4A24-8860-6384D4CAE2A4}.Debug|x86.Build.0 = Debug|Any CPU
		{C30F8C79-202C-4A24-8860-6384D4CAE2A4}.Release|Any CPU.ActiveCfg = Release|Any CPU
		{C30F8C79-202C-4A24-8860-6384D4CAE2A4}.Release|Any CPU.Build.0 = Release|Any CPU
		{C30F8C79-202C-4A24-8860-6384D4CAE2A4}.Release|x64.ActiveCfg = Release|Any CPU
		{C30F8C79-202C-4A24-8860-6384D4CAE2A4}.Release|x64.Build.0 = Release|Any CPU
		{C30F8C79-202C-4A24-8860-6384D4CAE2A4}.Release|x86.ActiveCfg = Release|Any CPU
		{C30F8C79-202C-4A24-8860-6384D4CAE2A4}.Release|x86.Build.0 = Release|Any CPU
		{E4DE7E2D-D526-400B-A905-8BF48BBF4740}.Debug|Any CPU.ActiveCfg = Debug|Any CPU
		{E4DE7E2D-D526-400B-A905-8BF48BBF4740}.Debug|Any CPU.Build.0 = Debug|Any CPU
		{E4DE7E2D-D526-400B-A905-8BF48BBF4740}.Debug|x64.ActiveCfg = Debug|Any CPU
		{E4DE7E2D-D526-400B-A905-8BF48BBF4740}.Debug|x64.Build.0 = Debug|Any CPU
		{E4DE7E2D-D526-400B-A905-8BF48BBF4740}.Debug|x86.ActiveCfg = Debug|Any CPU
		{E4DE7E2D-D526-400B-A905-8BF48BBF4740}.Debug|x86.Build.0 = Debug|Any CPU
		{E4DE7E2D-D526-400B-A905-8BF48BBF4740}.Release|Any CPU.ActiveCfg = Release|Any CPU
		{E4DE7E2D-D526-400B-A905-8BF48BBF4740}.Release|Any CPU.Build.0 = Release|Any CPU
		{E4DE7E2D-D526-400B-A905-8BF48BBF4740}.Release|x64.ActiveCfg = Release|Any CPU
		{E4DE7E2D-D526-400B-A905-8BF48BBF4740}.Release|x64.Build.0 = Release|Any CPU
		{E4DE7E2D-D526-400B-A905-8BF48BBF4740}.Release|x86.ActiveCfg = Release|Any CPU
		{E4DE7E2D-D526-400B-A905-8BF48BBF4740}.Release|x86.Build.0 = Release|Any CPU
		{0BF88745-2E90-4160-BF79-FE2B1E64F54D}.Debug|Any CPU.ActiveCfg = Debug|Any CPU
		{0BF88745-2E90-4160-BF79-FE2B1E64F54D}.Debug|Any CPU.Build.0 = Debug|Any CPU
		{0BF88745-2E90-4160-BF79-FE2B1E64F54D}.Debug|x64.ActiveCfg = Debug|Any CPU
		{0BF88745-2E90-4160-BF79-FE2B1E64F54D}.Debug|x64.Build.0 = Debug|Any CPU
		{0BF88745-2E90-4160-BF79-FE2B1E64F54D}.Debug|x86.ActiveCfg = Debug|Any CPU
		{0BF88745-2E90-4160-BF79-FE2B1E64F54D}.Debug|x86.Build.0 = Debug|Any CPU
		{0BF88745-2E90-4160-BF79-FE2B1E64F54D}.Release|Any CPU.ActiveCfg = Release|Any CPU
		{0BF88745-2E90-4160-BF79-FE2B1E64F54D}.Release|Any CPU.Build.0 = Release|Any CPU
		{0BF88745-2E90-4160-BF79-FE2B1E64F54D}.Release|x64.ActiveCfg = Release|Any CPU
		{0BF88745-2E90-4160-BF79-FE2B1E64F54D}.Release|x64.Build.0 = Release|Any CPU
		{0BF88745-2E90-4160-BF79-FE2B1E64F54D}.Release|x86.ActiveCfg = Release|Any CPU
		{0BF88745-2E90-4160-BF79-FE2B1E64F54D}.Release|x86.Build.0 = Release|Any CPU
		{7BB85C64-9011-40C2-BDED-9203B2FA409D}.Debug|Any CPU.ActiveCfg = Debug|Any CPU
		{7BB85C64-9011-40C2-BDED-9203B2FA409D}.Debug|Any CPU.Build.0 = Debug|Any CPU
		{7BB85C64-9011-40C2-BDED-9203B2FA409D}.Debug|x64.ActiveCfg = Debug|Any CPU
		{7BB85C64-9011-40C2-BDED-9203B2FA409D}.Debug|x64.Build.0 = Debug|Any CPU
		{7BB85C64-9011-40C2-BDED-9203B2FA409D}.Debug|x86.ActiveCfg = Debug|Any CPU
		{7BB85C64-9011-40C2-BDED-9203B2FA409D}.Debug|x86.Build.0 = Debug|Any CPU
		{7BB85C64-9011-40C2-BDED-9203B2FA409D}.Release|Any CPU.ActiveCfg = Release|Any CPU
		{7BB85C64-9011-40C2-BDED-9203B2FA409D}.Release|Any CPU.Build.0 = Release|Any CPU
		{7BB85C64-9011-40C2-BDED-9203B2FA409D}.Release|x64.ActiveCfg = Release|Any CPU
		{7BB85C64-9011-40C2-BDED-9203B2FA409D}.Release|x64.Build.0 = Release|Any CPU
		{7BB85C64-9011-40C2-BDED-9203B2FA409D}.Release|x86.ActiveCfg = Release|Any CPU
		{7BB85C64-9011-40C2-BDED-9203B2FA409D}.Release|x86.Build.0 = Release|Any CPU
		{BFD440A2-630B-447A-ACFC-EB1BA1EAD3E8}.Debug|Any CPU.ActiveCfg = Debug|Any CPU
		{BFD440A2-630B-447A-ACFC-EB1BA1EAD3E8}.Debug|Any CPU.Build.0 = Debug|Any CPU
		{BFD440A2-630B-447A-ACFC-EB1BA1EAD3E8}.Debug|x64.ActiveCfg = Debug|Any CPU
		{BFD440A2-630B-447A-ACFC-EB1BA1EAD3E8}.Debug|x64.Build.0 = Debug|Any CPU
		{BFD440A2-630B-447A-ACFC-EB1BA1EAD3E8}.Debug|x86.ActiveCfg = Debug|Any CPU
		{BFD440A2-630B-447A-ACFC-EB1BA1EAD3E8}.Debug|x86.Build.0 = Debug|Any CPU
		{BFD440A2-630B-447A-ACFC-EB1BA1EAD3E8}.Release|Any CPU.ActiveCfg = Release|Any CPU
		{BFD440A2-630B-447A-ACFC-EB1BA1EAD3E8}.Release|Any CPU.Build.0 = Release|Any CPU
		{BFD440A2-630B-447A-ACFC-EB1BA1EAD3E8}.Release|x64.ActiveCfg = Release|Any CPU
		{BFD440A2-630B-447A-ACFC-EB1BA1EAD3E8}.Release|x64.Build.0 = Release|Any CPU
		{BFD440A2-630B-447A-ACFC-EB1BA1EAD3E8}.Release|x86.ActiveCfg = Release|Any CPU
		{BFD440A2-630B-447A-ACFC-EB1BA1EAD3E8}.Release|x86.Build.0 = Release|Any CPU
		{67D5C541-D5CB-4A84-BA9F-CA0300CE213A}.Debug|Any CPU.ActiveCfg = Debug|Any CPU
		{67D5C541-D5CB-4A84-BA9F-CA0300CE213A}.Debug|Any CPU.Build.0 = Debug|Any CPU
		{67D5C541-D5CB-4A84-BA9F-CA0300CE213A}.Debug|x64.ActiveCfg = Debug|Any CPU
		{67D5C541-D5CB-4A84-BA9F-CA0300CE213A}.Debug|x64.Build.0 = Debug|Any CPU
		{67D5C541-D5CB-4A84-BA9F-CA0300CE213A}.Debug|x86.ActiveCfg = Debug|Any CPU
		{67D5C541-D5CB-4A84-BA9F-CA0300CE213A}.Debug|x86.Build.0 = Debug|Any CPU
		{67D5C541-D5CB-4A84-BA9F-CA0300CE213A}.Release|Any CPU.ActiveCfg = Release|Any CPU
		{67D5C541-D5CB-4A84-BA9F-CA0300CE213A}.Release|Any CPU.Build.0 = Release|Any CPU
		{67D5C541-D5CB-4A84-BA9F-CA0300CE213A}.Release|x64.ActiveCfg = Release|Any CPU
		{67D5C541-D5CB-4A84-BA9F-CA0300CE213A}.Release|x64.Build.0 = Release|Any CPU
		{67D5C541-D5CB-4A84-BA9F-CA0300CE213A}.Release|x86.ActiveCfg = Release|Any CPU
		{67D5C541-D5CB-4A84-BA9F-CA0300CE213A}.Release|x86.Build.0 = Release|Any CPU
		{DC0C339F-545B-4634-AD9D-48B61CC1122A}.Debug|Any CPU.ActiveCfg = Debug|Any CPU
		{DC0C339F-545B-4634-AD9D-48B61CC1122A}.Debug|Any CPU.Build.0 = Debug|Any CPU
		{DC0C339F-545B-4634-AD9D-48B61CC1122A}.Debug|x64.ActiveCfg = Debug|Any CPU
		{DC0C339F-545B-4634-AD9D-48B61CC1122A}.Debug|x64.Build.0 = Debug|Any CPU
		{DC0C339F-545B-4634-AD9D-48B61CC1122A}.Debug|x86.ActiveCfg = Debug|Any CPU
		{DC0C339F-545B-4634-AD9D-48B61CC1122A}.Debug|x86.Build.0 = Debug|Any CPU
		{DC0C339F-545B-4634-AD9D-48B61CC1122A}.Release|Any CPU.ActiveCfg = Release|Any CPU
		{DC0C339F-545B-4634-AD9D-48B61CC1122A}.Release|Any CPU.Build.0 = Release|Any CPU
		{DC0C339F-545B-4634-AD9D-48B61CC1122A}.Release|x64.ActiveCfg = Release|Any CPU
		{DC0C339F-545B-4634-AD9D-48B61CC1122A}.Release|x64.Build.0 = Release|Any CPU
		{DC0C339F-545B-4634-AD9D-48B61CC1122A}.Release|x86.ActiveCfg = Release|Any CPU
		{DC0C339F-545B-4634-AD9D-48B61CC1122A}.Release|x86.Build.0 = Release|Any CPU
		{14C575B0-7ED5-45C2-B51B-BC7BC5EF8F74}.Debug|Any CPU.ActiveCfg = Debug|Any CPU
		{14C575B0-7ED5-45C2-B51B-BC7BC5EF8F74}.Debug|Any CPU.Build.0 = Debug|Any CPU
		{14C575B0-7ED5-45C2-B51B-BC7BC5EF8F74}.Debug|x64.ActiveCfg = Debug|Any CPU
		{14C575B0-7ED5-45C2-B51B-BC7BC5EF8F74}.Debug|x64.Build.0 = Debug|Any CPU
		{14C575B0-7ED5-45C2-B51B-BC7BC5EF8F74}.Debug|x86.ActiveCfg = Debug|Any CPU
		{14C575B0-7ED5-45C2-B51B-BC7BC5EF8F74}.Debug|x86.Build.0 = Debug|Any CPU
		{14C575B0-7ED5-45C2-B51B-BC7BC5EF8F74}.Release|Any CPU.ActiveCfg = Release|Any CPU
		{14C575B0-7ED5-45C2-B51B-BC7BC5EF8F74}.Release|Any CPU.Build.0 = Release|Any CPU
		{14C575B0-7ED5-45C2-B51B-BC7BC5EF8F74}.Release|x64.ActiveCfg = Release|Any CPU
		{14C575B0-7ED5-45C2-B51B-BC7BC5EF8F74}.Release|x64.Build.0 = Release|Any CPU
		{14C575B0-7ED5-45C2-B51B-BC7BC5EF8F74}.Release|x86.ActiveCfg = Release|Any CPU
		{14C575B0-7ED5-45C2-B51B-BC7BC5EF8F74}.Release|x86.Build.0 = Release|Any CPU
		{0000CED5-F9C5-4A9B-B854-0C9021F26CFE}.Debug|Any CPU.ActiveCfg = Debug|Any CPU
		{0000CED5-F9C5-4A9B-B854-0C9021F26CFE}.Debug|Any CPU.Build.0 = Debug|Any CPU
		{0000CED5-F9C5-4A9B-B854-0C9021F26CFE}.Debug|x64.ActiveCfg = Debug|Any CPU
		{0000CED5-F9C5-4A9B-B854-0C9021F26CFE}.Debug|x64.Build.0 = Debug|Any CPU
		{0000CED5-F9C5-4A9B-B854-0C9021F26CFE}.Debug|x86.ActiveCfg = Debug|Any CPU
		{0000CED5-F9C5-4A9B-B854-0C9021F26CFE}.Debug|x86.Build.0 = Debug|Any CPU
		{0000CED5-F9C5-4A9B-B854-0C9021F26CFE}.Release|Any CPU.ActiveCfg = Release|Any CPU
		{0000CED5-F9C5-4A9B-B854-0C9021F26CFE}.Release|Any CPU.Build.0 = Release|Any CPU
		{0000CED5-F9C5-4A9B-B854-0C9021F26CFE}.Release|x64.ActiveCfg = Release|Any CPU
		{0000CED5-F9C5-4A9B-B854-0C9021F26CFE}.Release|x64.Build.0 = Release|Any CPU
		{0000CED5-F9C5-4A9B-B854-0C9021F26CFE}.Release|x86.ActiveCfg = Release|Any CPU
		{0000CED5-F9C5-4A9B-B854-0C9021F26CFE}.Release|x86.Build.0 = Release|Any CPU
		{48EA69C1-A12C-43E4-AE50-7C008459DB4B}.Debug|Any CPU.ActiveCfg = Debug|Any CPU
		{48EA69C1-A12C-43E4-AE50-7C008459DB4B}.Debug|Any CPU.Build.0 = Debug|Any CPU
		{48EA69C1-A12C-43E4-AE50-7C008459DB4B}.Debug|x64.ActiveCfg = Debug|Any CPU
		{48EA69C1-A12C-43E4-AE50-7C008459DB4B}.Debug|x64.Build.0 = Debug|Any CPU
		{48EA69C1-A12C-43E4-AE50-7C008459DB4B}.Debug|x86.ActiveCfg = Debug|Any CPU
		{48EA69C1-A12C-43E4-AE50-7C008459DB4B}.Debug|x86.Build.0 = Debug|Any CPU
		{48EA69C1-A12C-43E4-AE50-7C008459DB4B}.Release|Any CPU.ActiveCfg = Release|Any CPU
		{48EA69C1-A12C-43E4-AE50-7C008459DB4B}.Release|Any CPU.Build.0 = Release|Any CPU
		{48EA69C1-A12C-43E4-AE50-7C008459DB4B}.Release|x64.ActiveCfg = Release|Any CPU
		{48EA69C1-A12C-43E4-AE50-7C008459DB4B}.Release|x64.Build.0 = Release|Any CPU
		{48EA69C1-A12C-43E4-AE50-7C008459DB4B}.Release|x86.ActiveCfg = Release|Any CPU
		{48EA69C1-A12C-43E4-AE50-7C008459DB4B}.Release|x86.Build.0 = Release|Any CPU
		{130AD6D9-60C2-406E-BD0E-6CF6EBAE91ED}.Debug|Any CPU.ActiveCfg = Debug|Any CPU
		{130AD6D9-60C2-406E-BD0E-6CF6EBAE91ED}.Debug|Any CPU.Build.0 = Debug|Any CPU
		{130AD6D9-60C2-406E-BD0E-6CF6EBAE91ED}.Debug|x64.ActiveCfg = Debug|Any CPU
		{130AD6D9-60C2-406E-BD0E-6CF6EBAE91ED}.Debug|x64.Build.0 = Debug|Any CPU
		{130AD6D9-60C2-406E-BD0E-6CF6EBAE91ED}.Debug|x86.ActiveCfg = Debug|Any CPU
		{130AD6D9-60C2-406E-BD0E-6CF6EBAE91ED}.Debug|x86.Build.0 = Debug|Any CPU
		{130AD6D9-60C2-406E-BD0E-6CF6EBAE91ED}.Release|Any CPU.ActiveCfg = Release|Any CPU
		{130AD6D9-60C2-406E-BD0E-6CF6EBAE91ED}.Release|Any CPU.Build.0 = Release|Any CPU
		{130AD6D9-60C2-406E-BD0E-6CF6EBAE91ED}.Release|x64.ActiveCfg = Release|Any CPU
		{130AD6D9-60C2-406E-BD0E-6CF6EBAE91ED}.Release|x64.Build.0 = Release|Any CPU
		{130AD6D9-60C2-406E-BD0E-6CF6EBAE91ED}.Release|x86.ActiveCfg = Release|Any CPU
		{130AD6D9-60C2-406E-BD0E-6CF6EBAE91ED}.Release|x86.Build.0 = Release|Any CPU
		{9F123A9C-DDAF-4C42-9DCF-6F67950A5E3B}.Debug|Any CPU.ActiveCfg = Debug|Any CPU
		{9F123A9C-DDAF-4C42-9DCF-6F67950A5E3B}.Debug|Any CPU.Build.0 = Debug|Any CPU
		{9F123A9C-DDAF-4C42-9DCF-6F67950A5E3B}.Debug|x64.ActiveCfg = Debug|Any CPU
		{9F123A9C-DDAF-4C42-9DCF-6F67950A5E3B}.Debug|x64.Build.0 = Debug|Any CPU
		{9F123A9C-DDAF-4C42-9DCF-6F67950A5E3B}.Debug|x86.ActiveCfg = Debug|Any CPU
		{9F123A9C-DDAF-4C42-9DCF-6F67950A5E3B}.Debug|x86.Build.0 = Debug|Any CPU
		{9F123A9C-DDAF-4C42-9DCF-6F67950A5E3B}.Release|Any CPU.ActiveCfg = Release|Any CPU
		{9F123A9C-DDAF-4C42-9DCF-6F67950A5E3B}.Release|Any CPU.Build.0 = Release|Any CPU
		{9F123A9C-DDAF-4C42-9DCF-6F67950A5E3B}.Release|x64.ActiveCfg = Release|Any CPU
		{9F123A9C-DDAF-4C42-9DCF-6F67950A5E3B}.Release|x64.Build.0 = Release|Any CPU
		{9F123A9C-DDAF-4C42-9DCF-6F67950A5E3B}.Release|x86.ActiveCfg = Release|Any CPU
		{9F123A9C-DDAF-4C42-9DCF-6F67950A5E3B}.Release|x86.Build.0 = Release|Any CPU
	EndGlobalSection
	GlobalSection(SolutionProperties) = preSolution
		HideSolutionNode = FALSE
	EndGlobalSection
	GlobalSection(NestedProjects) = preSolution
		{A976AA8C-4297-48BD-AB20-B2C04FE26495} = {4112ACE6-70F4-4BFD-8493-2A8DCA8E7F6A}
		{1DE93AA1-4136-4B10-B1B2-2760EBFE9C44} = {4112ACE6-70F4-4BFD-8493-2A8DCA8E7F6A}
		{C36B6A92-EC79-41C2-9B51-79768AE16764} = {F97DA732-802E-4C94-800D-AF1E8772E829}
		{B683E7D5-836E-457C-BE49-5B983FA42383} = {F97DA732-802E-4C94-800D-AF1E8772E829}
		{2E6F8D2E-5283-43A6-8BA0-279D5DA4405D} = {F97DA732-802E-4C94-800D-AF1E8772E829}
		{EE36612D-D603-4B1B-85E5-945055CA1470} = {F97DA732-802E-4C94-800D-AF1E8772E829}
		{AE638CCA-99A1-45C9-8746-09399BFB9B37} = {032F5A05-F6B9-4778-BC1B-CBAB321D6C62}
		{FA5BCC97-1149-4EDC-ABD3-3BDB4C33AC06} = {032F5A05-F6B9-4778-BC1B-CBAB321D6C62}
		{65D7E324-86CC-4ACC-87B0-C695A629A574} = {032F5A05-F6B9-4778-BC1B-CBAB321D6C62}
		{72C1C598-0CD7-4092-8F93-3C1B7C15AC7C} = {F0CCBA31-4484-404D-AF49-769C97746857}
		{1BBF3891-1543-42BE-9EAC-6481816B08FA} = {F0CCBA31-4484-404D-AF49-769C97746857}
		{C30F8C79-202C-4A24-8860-6384D4CAE2A4} = {F0CCBA31-4484-404D-AF49-769C97746857}
		{E4DE7E2D-D526-400B-A905-8BF48BBF4740} = {F0CCBA31-4484-404D-AF49-769C97746857}
		{0BF88745-2E90-4160-BF79-FE2B1E64F54D} = {F0CCBA31-4484-404D-AF49-769C97746857}
		{7BB85C64-9011-40C2-BDED-9203B2FA409D} = {F0CCBA31-4484-404D-AF49-769C97746857}
		{BFD440A2-630B-447A-ACFC-EB1BA1EAD3E8} = {F0CCBA31-4484-404D-AF49-769C97746857}
		{67D5C541-D5CB-4A84-BA9F-CA0300CE213A} = {F0CCBA31-4484-404D-AF49-769C97746857}
		{DC0C339F-545B-4634-AD9D-48B61CC1122A} = {88CDF640-EADD-43A7-94FA-21B4D822337A}
		{14C575B0-7ED5-45C2-B51B-BC7BC5EF8F74} = {88CDF640-EADD-43A7-94FA-21B4D822337A}
		{0000CED5-F9C5-4A9B-B854-0C9021F26CFE} = {4112ACE6-70F4-4BFD-8493-2A8DCA8E7F6A}
		{48EA69C1-A12C-43E4-AE50-7C008459DB4B} = {F97DA732-802E-4C94-800D-AF1E8772E829}
		{130AD6D9-60C2-406E-BD0E-6CF6EBAE91ED} = {FB626A95-62E5-4A95-939B-4F9ECA4F6443}
		{9F123A9C-DDAF-4C42-9DCF-6F67950A5E3B} = {FB626A95-62E5-4A95-939B-4F9ECA4F6443}
	EndGlobalSection
	GlobalSection(ExtensibilityGlobals) = postSolution
		SolutionGuid = {B53DD286-B6DE-4EBF-8E02-1081D86E57B1}
	EndGlobalSection
EndGlobal
