
Microsoft Visual Studio Solution File, Format Version 12.00
# Visual Studio 15
VisualStudioVersion = 15.0.26124.0
MinimumVisualStudioVersion = 15.0.26124.0
Project("{FAE04EC0-301F-11D3-BF4B-00C04F79EFBC}") = "SimpleAuth.Server", "SimpleAuth.Server\SimpleAuth.Server.csproj", "{CB80837A-61BF-4AF1-B7E3-A2E5396206B8}"
EndProject
Project("{FAE04EC0-301F-11D3-BF4B-00C04F79EFBC}") = "SimpleAuth.Core", "SimpleAuth.Core\SimpleAuth.Core.csproj", "{75A02AD6-918A-42C8-9746-EA1CF55D6A2D}"
EndProject
Project("{FAE04EC0-301F-11D3-BF4B-00C04F79EFBC}") = "SimpleAuth.Shared", "SimpleAuth.Shared\SimpleAuth.Shared.csproj", "{D353D14C-F3E9-48EC-8FA0-C1C9543987CC}"
EndProject
Project("{2150E333-8FDC-42A3-9474-1A3956D46DE8}") = "Test", "Test", "{4112ACE6-70F4-4BFD-8493-2A8DCA8E7F6A}"
EndProject
Project("{FAE04EC0-301F-11D3-BF4B-00C04F79EFBC}") = "Test.SimpleAuth.Core", "Test\Test.SimpleAuth.Core\Test.SimpleAuth.Core.csproj", "{670DB8FA-BA9D-43F4-9DEF-8779530E0B1E}"
EndProject
Project("{FAE04EC0-301F-11D3-BF4B-00C04F79EFBC}") = "Test.SimpleAuth.Server", "Test\Test.SimpleAuth.Server\Test.SimpleAuth.Server.csproj", "{ED8E4BF0-80E0-4DC0-B057-967624B20198}"
EndProject
Project("{FAE04EC0-301F-11D3-BF4B-00C04F79EFBC}") = "Test.SimpleAuth.Shared", "Test\Test.SimpleAuth.Shared\Test.SimpleAuth.Shared.csproj", "{64E9F169-E9C8-4722-9DB4-05A22D774EF9}"
EndProject
Project("{FAE04EC0-301F-11D3-BF4B-00C04F79EFBC}") = "SimpleAuth.Sqlite", "SimpleAuth.Sqlite\SimpleAuth.Sqlite.csproj", "{14B875BC-676A-4CEB-BD5D-5CBCFA647AC5}"
EndProject
Project("{FAE04EC0-301F-11D3-BF4B-00C04F79EFBC}") = "SimpleAuth.Services", "SimpleAuth.Services\SimpleAuth.Services.csproj", "{7325FFF0-C094-4532-87B5-524494CC96F4}"
EndProject
Project("{FAE04EC0-301F-11D3-BF4B-00C04F79EFBC}") = "SimpleAuth.InMemoryDb", "SimpleAuth.InMemoryDb\SimpleAuth.InMemoryDb.csproj", "{6B77701C-4261-4F2B-AB0A-6AF1334CA96C}"
EndProject
Project("{2150E333-8FDC-42A3-9474-1A3956D46DE8}") = "DatabasesImplementation", "DatabasesImplementation", "{032F5A05-F6B9-4778-BC1B-CBAB321D6C62}"
EndProject
Project("{FAE04EC0-301F-11D3-BF4B-00C04F79EFBC}") = "SimpleAuth.Client", "SimpleAuth.Client\SimpleAuth.Client.csproj", "{4D27D496-1AC3-49B3-BF50-5F485B3FE327}"
EndProject
Project("{FAE04EC0-301F-11D3-BF4B-00C04F79EFBC}") = "DevPlayground", "Test\DevPlayground\DevPlayground.csproj", "{A976AA8C-4297-48BD-AB20-B2C04FE26495}"
EndProject
Project("{FAE04EC0-301F-11D3-BF4B-00C04F79EFBC}") = "SimpleAuth.Client.DotnetCore", "SimpleAuth.Client.DotnetCore\SimpleAuth.Client.DotnetCore.csproj", "{DB15F95F-6377-47C2-A653-1CA88A007A76}"
EndProject
Global
	GlobalSection(SolutionConfigurationPlatforms) = preSolution
		Debug|Any CPU = Debug|Any CPU
		Debug|x64 = Debug|x64
		Debug|x86 = Debug|x86
		Release|Any CPU = Release|Any CPU
		Release|x64 = Release|x64
		Release|x86 = Release|x86
	EndGlobalSection
	GlobalSection(SolutionProperties) = preSolution
		HideSolutionNode = FALSE
	EndGlobalSection
	GlobalSection(ProjectConfigurationPlatforms) = postSolution
		{CB80837A-61BF-4AF1-B7E3-A2E5396206B8}.Debug|Any CPU.ActiveCfg = Debug|Any CPU
		{CB80837A-61BF-4AF1-B7E3-A2E5396206B8}.Debug|Any CPU.Build.0 = Debug|Any CPU
		{CB80837A-61BF-4AF1-B7E3-A2E5396206B8}.Debug|x64.ActiveCfg = Debug|Any CPU
		{CB80837A-61BF-4AF1-B7E3-A2E5396206B8}.Debug|x64.Build.0 = Debug|Any CPU
		{CB80837A-61BF-4AF1-B7E3-A2E5396206B8}.Debug|x86.ActiveCfg = Debug|Any CPU
		{CB80837A-61BF-4AF1-B7E3-A2E5396206B8}.Debug|x86.Build.0 = Debug|Any CPU
		{CB80837A-61BF-4AF1-B7E3-A2E5396206B8}.Release|Any CPU.ActiveCfg = Release|Any CPU
		{CB80837A-61BF-4AF1-B7E3-A2E5396206B8}.Release|Any CPU.Build.0 = Release|Any CPU
		{CB80837A-61BF-4AF1-B7E3-A2E5396206B8}.Release|x64.ActiveCfg = Release|Any CPU
		{CB80837A-61BF-4AF1-B7E3-A2E5396206B8}.Release|x64.Build.0 = Release|Any CPU
		{CB80837A-61BF-4AF1-B7E3-A2E5396206B8}.Release|x86.ActiveCfg = Release|Any CPU
		{CB80837A-61BF-4AF1-B7E3-A2E5396206B8}.Release|x86.Build.0 = Release|Any CPU
		{75A02AD6-918A-42C8-9746-EA1CF55D6A2D}.Debug|Any CPU.ActiveCfg = Debug|Any CPU
		{75A02AD6-918A-42C8-9746-EA1CF55D6A2D}.Debug|Any CPU.Build.0 = Debug|Any CPU
		{75A02AD6-918A-42C8-9746-EA1CF55D6A2D}.Debug|x64.ActiveCfg = Debug|Any CPU
		{75A02AD6-918A-42C8-9746-EA1CF55D6A2D}.Debug|x64.Build.0 = Debug|Any CPU
		{75A02AD6-918A-42C8-9746-EA1CF55D6A2D}.Debug|x86.ActiveCfg = Debug|Any CPU
		{75A02AD6-918A-42C8-9746-EA1CF55D6A2D}.Debug|x86.Build.0 = Debug|Any CPU
		{75A02AD6-918A-42C8-9746-EA1CF55D6A2D}.Release|Any CPU.ActiveCfg = Release|Any CPU
		{75A02AD6-918A-42C8-9746-EA1CF55D6A2D}.Release|Any CPU.Build.0 = Release|Any CPU
		{75A02AD6-918A-42C8-9746-EA1CF55D6A2D}.Release|x64.ActiveCfg = Release|Any CPU
		{75A02AD6-918A-42C8-9746-EA1CF55D6A2D}.Release|x64.Build.0 = Release|Any CPU
		{75A02AD6-918A-42C8-9746-EA1CF55D6A2D}.Release|x86.ActiveCfg = Release|Any CPU
		{75A02AD6-918A-42C8-9746-EA1CF55D6A2D}.Release|x86.Build.0 = Release|Any CPU
		{D353D14C-F3E9-48EC-8FA0-C1C9543987CC}.Debug|Any CPU.ActiveCfg = Debug|Any CPU
		{D353D14C-F3E9-48EC-8FA0-C1C9543987CC}.Debug|Any CPU.Build.0 = Debug|Any CPU
		{D353D14C-F3E9-48EC-8FA0-C1C9543987CC}.Debug|x64.ActiveCfg = Debug|Any CPU
		{D353D14C-F3E9-48EC-8FA0-C1C9543987CC}.Debug|x64.Build.0 = Debug|Any CPU
		{D353D14C-F3E9-48EC-8FA0-C1C9543987CC}.Debug|x86.ActiveCfg = Debug|Any CPU
		{D353D14C-F3E9-48EC-8FA0-C1C9543987CC}.Debug|x86.Build.0 = Debug|Any CPU
		{D353D14C-F3E9-48EC-8FA0-C1C9543987CC}.Release|Any CPU.ActiveCfg = Release|Any CPU
		{D353D14C-F3E9-48EC-8FA0-C1C9543987CC}.Release|Any CPU.Build.0 = Release|Any CPU
		{D353D14C-F3E9-48EC-8FA0-C1C9543987CC}.Release|x64.ActiveCfg = Release|Any CPU
		{D353D14C-F3E9-48EC-8FA0-C1C9543987CC}.Release|x64.Build.0 = Release|Any CPU
		{D353D14C-F3E9-48EC-8FA0-C1C9543987CC}.Release|x86.ActiveCfg = Release|Any CPU
		{D353D14C-F3E9-48EC-8FA0-C1C9543987CC}.Release|x86.Build.0 = Release|Any CPU
		{670DB8FA-BA9D-43F4-9DEF-8779530E0B1E}.Debug|Any CPU.ActiveCfg = Debug|Any CPU
		{670DB8FA-BA9D-43F4-9DEF-8779530E0B1E}.Debug|Any CPU.Build.0 = Debug|Any CPU
		{670DB8FA-BA9D-43F4-9DEF-8779530E0B1E}.Debug|x64.ActiveCfg = Debug|Any CPU
		{670DB8FA-BA9D-43F4-9DEF-8779530E0B1E}.Debug|x64.Build.0 = Debug|Any CPU
		{670DB8FA-BA9D-43F4-9DEF-8779530E0B1E}.Debug|x86.ActiveCfg = Debug|Any CPU
		{670DB8FA-BA9D-43F4-9DEF-8779530E0B1E}.Debug|x86.Build.0 = Debug|Any CPU
		{670DB8FA-BA9D-43F4-9DEF-8779530E0B1E}.Release|Any CPU.ActiveCfg = Release|Any CPU
		{670DB8FA-BA9D-43F4-9DEF-8779530E0B1E}.Release|Any CPU.Build.0 = Release|Any CPU
		{670DB8FA-BA9D-43F4-9DEF-8779530E0B1E}.Release|x64.ActiveCfg = Release|Any CPU
		{670DB8FA-BA9D-43F4-9DEF-8779530E0B1E}.Release|x64.Build.0 = Release|Any CPU
		{670DB8FA-BA9D-43F4-9DEF-8779530E0B1E}.Release|x86.ActiveCfg = Release|Any CPU
		{670DB8FA-BA9D-43F4-9DEF-8779530E0B1E}.Release|x86.Build.0 = Release|Any CPU
		{ED8E4BF0-80E0-4DC0-B057-967624B20198}.Debug|Any CPU.ActiveCfg = Debug|Any CPU
		{ED8E4BF0-80E0-4DC0-B057-967624B20198}.Debug|Any CPU.Build.0 = Debug|Any CPU
		{ED8E4BF0-80E0-4DC0-B057-967624B20198}.Debug|x64.ActiveCfg = Debug|Any CPU
		{ED8E4BF0-80E0-4DC0-B057-967624B20198}.Debug|x64.Build.0 = Debug|Any CPU
		{ED8E4BF0-80E0-4DC0-B057-967624B20198}.Debug|x86.ActiveCfg = Debug|Any CPU
		{ED8E4BF0-80E0-4DC0-B057-967624B20198}.Debug|x86.Build.0 = Debug|Any CPU
		{ED8E4BF0-80E0-4DC0-B057-967624B20198}.Release|Any CPU.ActiveCfg = Release|Any CPU
		{ED8E4BF0-80E0-4DC0-B057-967624B20198}.Release|Any CPU.Build.0 = Release|Any CPU
		{ED8E4BF0-80E0-4DC0-B057-967624B20198}.Release|x64.ActiveCfg = Release|Any CPU
		{ED8E4BF0-80E0-4DC0-B057-967624B20198}.Release|x64.Build.0 = Release|Any CPU
		{ED8E4BF0-80E0-4DC0-B057-967624B20198}.Release|x86.ActiveCfg = Release|Any CPU
		{ED8E4BF0-80E0-4DC0-B057-967624B20198}.Release|x86.Build.0 = Release|Any CPU
		{64E9F169-E9C8-4722-9DB4-05A22D774EF9}.Debug|Any CPU.ActiveCfg = Debug|Any CPU
		{64E9F169-E9C8-4722-9DB4-05A22D774EF9}.Debug|Any CPU.Build.0 = Debug|Any CPU
		{64E9F169-E9C8-4722-9DB4-05A22D774EF9}.Debug|x64.ActiveCfg = Debug|Any CPU
		{64E9F169-E9C8-4722-9DB4-05A22D774EF9}.Debug|x64.Build.0 = Debug|Any CPU
		{64E9F169-E9C8-4722-9DB4-05A22D774EF9}.Debug|x86.ActiveCfg = Debug|Any CPU
		{64E9F169-E9C8-4722-9DB4-05A22D774EF9}.Debug|x86.Build.0 = Debug|Any CPU
		{64E9F169-E9C8-4722-9DB4-05A22D774EF9}.Release|Any CPU.ActiveCfg = Release|Any CPU
		{64E9F169-E9C8-4722-9DB4-05A22D774EF9}.Release|Any CPU.Build.0 = Release|Any CPU
		{64E9F169-E9C8-4722-9DB4-05A22D774EF9}.Release|x64.ActiveCfg = Release|Any CPU
		{64E9F169-E9C8-4722-9DB4-05A22D774EF9}.Release|x64.Build.0 = Release|Any CPU
		{64E9F169-E9C8-4722-9DB4-05A22D774EF9}.Release|x86.ActiveCfg = Release|Any CPU
		{64E9F169-E9C8-4722-9DB4-05A22D774EF9}.Release|x86.Build.0 = Release|Any CPU
		{14B875BC-676A-4CEB-BD5D-5CBCFA647AC5}.Debug|Any CPU.ActiveCfg = Debug|Any CPU
		{14B875BC-676A-4CEB-BD5D-5CBCFA647AC5}.Debug|Any CPU.Build.0 = Debug|Any CPU
		{14B875BC-676A-4CEB-BD5D-5CBCFA647AC5}.Debug|x64.ActiveCfg = Debug|Any CPU
		{14B875BC-676A-4CEB-BD5D-5CBCFA647AC5}.Debug|x64.Build.0 = Debug|Any CPU
		{14B875BC-676A-4CEB-BD5D-5CBCFA647AC5}.Debug|x86.ActiveCfg = Debug|Any CPU
		{14B875BC-676A-4CEB-BD5D-5CBCFA647AC5}.Debug|x86.Build.0 = Debug|Any CPU
		{14B875BC-676A-4CEB-BD5D-5CBCFA647AC5}.Release|Any CPU.ActiveCfg = Release|Any CPU
		{14B875BC-676A-4CEB-BD5D-5CBCFA647AC5}.Release|Any CPU.Build.0 = Release|Any CPU
		{14B875BC-676A-4CEB-BD5D-5CBCFA647AC5}.Release|x64.ActiveCfg = Release|Any CPU
		{14B875BC-676A-4CEB-BD5D-5CBCFA647AC5}.Release|x64.Build.0 = Release|Any CPU
		{14B875BC-676A-4CEB-BD5D-5CBCFA647AC5}.Release|x86.ActiveCfg = Release|Any CPU
		{14B875BC-676A-4CEB-BD5D-5CBCFA647AC5}.Release|x86.Build.0 = Release|Any CPU
		{7325FFF0-C094-4532-87B5-524494CC96F4}.Debug|Any CPU.ActiveCfg = Debug|Any CPU
		{7325FFF0-C094-4532-87B5-524494CC96F4}.Debug|Any CPU.Build.0 = Debug|Any CPU
		{7325FFF0-C094-4532-87B5-524494CC96F4}.Debug|x64.ActiveCfg = Debug|Any CPU
		{7325FFF0-C094-4532-87B5-524494CC96F4}.Debug|x64.Build.0 = Debug|Any CPU
		{7325FFF0-C094-4532-87B5-524494CC96F4}.Debug|x86.ActiveCfg = Debug|Any CPU
		{7325FFF0-C094-4532-87B5-524494CC96F4}.Debug|x86.Build.0 = Debug|Any CPU
		{7325FFF0-C094-4532-87B5-524494CC96F4}.Release|Any CPU.ActiveCfg = Release|Any CPU
		{7325FFF0-C094-4532-87B5-524494CC96F4}.Release|Any CPU.Build.0 = Release|Any CPU
		{7325FFF0-C094-4532-87B5-524494CC96F4}.Release|x64.ActiveCfg = Release|Any CPU
		{7325FFF0-C094-4532-87B5-524494CC96F4}.Release|x64.Build.0 = Release|Any CPU
		{7325FFF0-C094-4532-87B5-524494CC96F4}.Release|x86.ActiveCfg = Release|Any CPU
		{7325FFF0-C094-4532-87B5-524494CC96F4}.Release|x86.Build.0 = Release|Any CPU
		{6B77701C-4261-4F2B-AB0A-6AF1334CA96C}.Debug|Any CPU.ActiveCfg = Debug|Any CPU
		{6B77701C-4261-4F2B-AB0A-6AF1334CA96C}.Debug|Any CPU.Build.0 = Debug|Any CPU
		{6B77701C-4261-4F2B-AB0A-6AF1334CA96C}.Debug|x64.ActiveCfg = Debug|Any CPU
		{6B77701C-4261-4F2B-AB0A-6AF1334CA96C}.Debug|x64.Build.0 = Debug|Any CPU
		{6B77701C-4261-4F2B-AB0A-6AF1334CA96C}.Debug|x86.ActiveCfg = Debug|Any CPU
		{6B77701C-4261-4F2B-AB0A-6AF1334CA96C}.Debug|x86.Build.0 = Debug|Any CPU
		{6B77701C-4261-4F2B-AB0A-6AF1334CA96C}.Release|Any CPU.ActiveCfg = Release|Any CPU
		{6B77701C-4261-4F2B-AB0A-6AF1334CA96C}.Release|Any CPU.Build.0 = Release|Any CPU
		{6B77701C-4261-4F2B-AB0A-6AF1334CA96C}.Release|x64.ActiveCfg = Release|Any CPU
		{6B77701C-4261-4F2B-AB0A-6AF1334CA96C}.Release|x64.Build.0 = Release|Any CPU
		{6B77701C-4261-4F2B-AB0A-6AF1334CA96C}.Release|x86.ActiveCfg = Release|Any CPU
		{6B77701C-4261-4F2B-AB0A-6AF1334CA96C}.Release|x86.Build.0 = Release|Any CPU
		{4D27D496-1AC3-49B3-BF50-5F485B3FE327}.Debug|Any CPU.ActiveCfg = Debug|Any CPU
		{4D27D496-1AC3-49B3-BF50-5F485B3FE327}.Debug|Any CPU.Build.0 = Debug|Any CPU
		{4D27D496-1AC3-49B3-BF50-5F485B3FE327}.Debug|x64.ActiveCfg = Debug|Any CPU
		{4D27D496-1AC3-49B3-BF50-5F485B3FE327}.Debug|x64.Build.0 = Debug|Any CPU
		{4D27D496-1AC3-49B3-BF50-5F485B3FE327}.Debug|x86.ActiveCfg = Debug|Any CPU
		{4D27D496-1AC3-49B3-BF50-5F485B3FE327}.Debug|x86.Build.0 = Debug|Any CPU
		{4D27D496-1AC3-49B3-BF50-5F485B3FE327}.Release|Any CPU.ActiveCfg = Release|Any CPU
		{4D27D496-1AC3-49B3-BF50-5F485B3FE327}.Release|Any CPU.Build.0 = Release|Any CPU
		{4D27D496-1AC3-49B3-BF50-5F485B3FE327}.Release|x64.ActiveCfg = Release|Any CPU
		{4D27D496-1AC3-49B3-BF50-5F485B3FE327}.Release|x64.Build.0 = Release|Any CPU
		{4D27D496-1AC3-49B3-BF50-5F485B3FE327}.Release|x86.ActiveCfg = Release|Any CPU
		{4D27D496-1AC3-49B3-BF50-5F485B3FE327}.Release|x86.Build.0 = Release|Any CPU
		{A976AA8C-4297-48BD-AB20-B2C04FE26495}.Debug|Any CPU.ActiveCfg = Debug|Any CPU
		{A976AA8C-4297-48BD-AB20-B2C04FE26495}.Debug|Any CPU.Build.0 = Debug|Any CPU
		{A976AA8C-4297-48BD-AB20-B2C04FE26495}.Debug|x64.ActiveCfg = Debug|Any CPU
		{A976AA8C-4297-48BD-AB20-B2C04FE26495}.Debug|x64.Build.0 = Debug|Any CPU
		{A976AA8C-4297-48BD-AB20-B2C04FE26495}.Debug|x86.ActiveCfg = Debug|Any CPU
		{A976AA8C-4297-48BD-AB20-B2C04FE26495}.Debug|x86.Build.0 = Debug|Any CPU
		{A976AA8C-4297-48BD-AB20-B2C04FE26495}.Release|Any CPU.ActiveCfg = Release|Any CPU
		{A976AA8C-4297-48BD-AB20-B2C04FE26495}.Release|Any CPU.Build.0 = Release|Any CPU
		{A976AA8C-4297-48BD-AB20-B2C04FE26495}.Release|x64.ActiveCfg = Release|Any CPU
		{A976AA8C-4297-48BD-AB20-B2C04FE26495}.Release|x64.Build.0 = Release|Any CPU
		{A976AA8C-4297-48BD-AB20-B2C04FE26495}.Release|x86.ActiveCfg = Release|Any CPU
		{A976AA8C-4297-48BD-AB20-B2C04FE26495}.Release|x86.Build.0 = Release|Any CPU
		{DB15F95F-6377-47C2-A653-1CA88A007A76}.Debug|Any CPU.ActiveCfg = Debug|Any CPU
		{DB15F95F-6377-47C2-A653-1CA88A007A76}.Debug|Any CPU.Build.0 = Debug|Any CPU
		{DB15F95F-6377-47C2-A653-1CA88A007A76}.Debug|x64.ActiveCfg = Debug|Any CPU
		{DB15F95F-6377-47C2-A653-1CA88A007A76}.Debug|x64.Build.0 = Debug|Any CPU
		{DB15F95F-6377-47C2-A653-1CA88A007A76}.Debug|x86.ActiveCfg = Debug|Any CPU
		{DB15F95F-6377-47C2-A653-1CA88A007A76}.Debug|x86.Build.0 = Debug|Any CPU
		{DB15F95F-6377-47C2-A653-1CA88A007A76}.Release|Any CPU.ActiveCfg = Release|Any CPU
		{DB15F95F-6377-47C2-A653-1CA88A007A76}.Release|Any CPU.Build.0 = Release|Any CPU
		{DB15F95F-6377-47C2-A653-1CA88A007A76}.Release|x64.ActiveCfg = Release|Any CPU
		{DB15F95F-6377-47C2-A653-1CA88A007A76}.Release|x64.Build.0 = Release|Any CPU
		{DB15F95F-6377-47C2-A653-1CA88A007A76}.Release|x86.ActiveCfg = Release|Any CPU
		{DB15F95F-6377-47C2-A653-1CA88A007A76}.Release|x86.Build.0 = Release|Any CPU
	EndGlobalSection
	GlobalSection(NestedProjects) = preSolution
		{670DB8FA-BA9D-43F4-9DEF-8779530E0B1E} = {4112ACE6-70F4-4BFD-8493-2A8DCA8E7F6A}
		{ED8E4BF0-80E0-4DC0-B057-967624B20198} = {4112ACE6-70F4-4BFD-8493-2A8DCA8E7F6A}
		{64E9F169-E9C8-4722-9DB4-05A22D774EF9} = {4112ACE6-70F4-4BFD-8493-2A8DCA8E7F6A}
		{14B875BC-676A-4CEB-BD5D-5CBCFA647AC5} = {032F5A05-F6B9-4778-BC1B-CBAB321D6C62}
		{6B77701C-4261-4F2B-AB0A-6AF1334CA96C} = {032F5A05-F6B9-4778-BC1B-CBAB321D6C62}
		{A976AA8C-4297-48BD-AB20-B2C04FE26495} = {4112ACE6-70F4-4BFD-8493-2A8DCA8E7F6A}
	EndGlobalSection
EndGlobal
